
Microsoft Visual Studio Solution File, Format Version 12.00
# Visual Studio Version 16
VisualStudioVersion = 16.0.30621.155
MinimumVisualStudioVersion = 10.0.40219.1
Project("{9A19103F-16F7-4668-BE54-9A1E7A4F7556}") = "PF.Forms", "PF.NET\PF.Forms.csproj", "{F84B82DA-BBC9-442B-B56F-67F92BF58B6C}"
EndProject
Project("{FAE04EC0-301F-11D3-BF4B-00C04F79EFBC}") = "PF.API", "PF.API\PF.API.csproj", "{7127BF72-2EBF-4B64-8EE6-2C9113C6E675}"
EndProject
Global
	GlobalSection(SolutionConfigurationPlatforms) = preSolution
		Debug|Any CPU = Debug|Any CPU
		Release|Any CPU = Release|Any CPU
	EndGlobalSection
	GlobalSection(ProjectConfigurationPlatforms) = postSolution
		{F84B82DA-BBC9-442B-B56F-67F92BF58B6C}.Debug|Any CPU.ActiveCfg = Debug|Any CPU
		{F84B82DA-BBC9-442B-B56F-67F92BF58B6C}.Debug|Any CPU.Build.0 = Debug|Any CPU
		{F84B82DA-BBC9-442B-B56F-67F92BF58B6C}.Release|Any CPU.ActiveCfg = Release|Any CPU
		{F84B82DA-BBC9-442B-B56F-67F92BF58B6C}.Release|Any CPU.Build.0 = Release|Any CPU
		{7127BF72-2EBF-4B64-8EE6-2C9113C6E675}.Debug|Any CPU.ActiveCfg = Debug|Any CPU
		{7127BF72-2EBF-4B64-8EE6-2C9113C6E675}.Debug|Any CPU.Build.0 = Debug|Any CPU
		{7127BF72-2EBF-4B64-8EE6-2C9113C6E675}.Release|Any CPU.ActiveCfg = Release|Any CPU
		{7127BF72-2EBF-4B64-8EE6-2C9113C6E675}.Release|Any CPU.Build.0 = Release|Any CPU
	EndGlobalSection
	GlobalSection(SolutionProperties) = preSolution
		HideSolutionNode = FALSE
	EndGlobalSection
	GlobalSection(ExtensibilityGlobals) = postSolution
		SolutionGuid = {8C22E375-143B-4E57-959A-06070652F45E}
	EndGlobalSection
EndGlobal
